
Microsoft Visual Studio Solution File, Format Version 12.00
Project("{FAE04EC0-301F-11D3-BF4B-00C04F79EFBC}") = "Issueneter.Host", "Issueneter.Host\Issueneter.Host.csproj", "{00CBCA5E-6EEB-40FD-948D-90B72BDE0E34}"
EndProject
Project("{FAE04EC0-301F-11D3-BF4B-00C04F79EFBC}") = "Issueneter.Github", "Issueneter.Github\Issueneter.Github.csproj", "{D8329DFE-8300-4537-A44D-013562DF8C54}"
EndProject
Project("{FAE04EC0-301F-11D3-BF4B-00C04F79EFBC}") = "Issueneter.Domain", "Issueneter.Domain\Issueneter.Domain.csproj", "{6DA5A4BF-4BFE-4F95-844B-E1E03CFF76B6}"
EndProject
Project("{FAE04EC0-301F-11D3-BF4B-00C04F79EFBC}") = "Issueneter.Persistence", "Issueneter.Persistence\Issueneter.Persistence.csproj", "{EC86C9CF-504B-4C74-8CE7-C014563A8286}"
EndProject
Project("{FAE04EC0-301F-11D3-BF4B-00C04F79EFBC}") = "Issueneter.Filters", "Issueneter.Filters\Issueneter.Filters.csproj", "{EF54A4A9-3C78-4858-82A3-86245BCCBDDD}"
EndProject
Project("{FAE04EC0-301F-11D3-BF4B-00C04F79EFBC}") = "Issueneter.Telegram", "Issueneter.Telegram\Issueneter.Telegram.csproj", "{4C85CF6D-7B55-4C2D-950C-6EAC129E35A6}"
EndProject
Project("{FAE04EC0-301F-11D3-BF4B-00C04F79EFBC}") = "Issueneter.Runner", "Issueneter.Runner\Issueneter.Runner.csproj", "{3023A206-3A6C-4844-8BF1-BA7C7C1A635A}"
EndProject
Project("{FAE04EC0-301F-11D3-BF4B-00C04F79EFBC}") = "Issueneter.Json", "Issueneter.Json\Issueneter.Json.csproj", "{896FDC96-9B26-4CDA-9828-627CD6D6A578}"
EndProject
Global
	GlobalSection(SolutionConfigurationPlatforms) = preSolution
		Debug|Any CPU = Debug|Any CPU
		Release|Any CPU = Release|Any CPU
	EndGlobalSection
	GlobalSection(ProjectConfigurationPlatforms) = postSolution
		{00CBCA5E-6EEB-40FD-948D-90B72BDE0E34}.Debug|Any CPU.ActiveCfg = Debug|Any CPU
		{00CBCA5E-6EEB-40FD-948D-90B72BDE0E34}.Debug|Any CPU.Build.0 = Debug|Any CPU
		{00CBCA5E-6EEB-40FD-948D-90B72BDE0E34}.Release|Any CPU.ActiveCfg = Release|Any CPU
		{00CBCA5E-6EEB-40FD-948D-90B72BDE0E34}.Release|Any CPU.Build.0 = Release|Any CPU
		{D8329DFE-8300-4537-A44D-013562DF8C54}.Debug|Any CPU.ActiveCfg = Debug|Any CPU
		{D8329DFE-8300-4537-A44D-013562DF8C54}.Debug|Any CPU.Build.0 = Debug|Any CPU
		{D8329DFE-8300-4537-A44D-013562DF8C54}.Release|Any CPU.ActiveCfg = Release|Any CPU
		{D8329DFE-8300-4537-A44D-013562DF8C54}.Release|Any CPU.Build.0 = Release|Any CPU
		{6DA5A4BF-4BFE-4F95-844B-E1E03CFF76B6}.Debug|Any CPU.ActiveCfg = Debug|Any CPU
		{6DA5A4BF-4BFE-4F95-844B-E1E03CFF76B6}.Debug|Any CPU.Build.0 = Debug|Any CPU
		{6DA5A4BF-4BFE-4F95-844B-E1E03CFF76B6}.Release|Any CPU.ActiveCfg = Release|Any CPU
		{6DA5A4BF-4BFE-4F95-844B-E1E03CFF76B6}.Release|Any CPU.Build.0 = Release|Any CPU
		{EC86C9CF-504B-4C74-8CE7-C014563A8286}.Debug|Any CPU.ActiveCfg = Debug|Any CPU
		{EC86C9CF-504B-4C74-8CE7-C014563A8286}.Debug|Any CPU.Build.0 = Debug|Any CPU
		{EC86C9CF-504B-4C74-8CE7-C014563A8286}.Release|Any CPU.ActiveCfg = Release|Any CPU
		{EC86C9CF-504B-4C74-8CE7-C014563A8286}.Release|Any CPU.Build.0 = Release|Any CPU
		{EF54A4A9-3C78-4858-82A3-86245BCCBDDD}.Debug|Any CPU.ActiveCfg = Debug|Any CPU
		{EF54A4A9-3C78-4858-82A3-86245BCCBDDD}.Debug|Any CPU.Build.0 = Debug|Any CPU
		{EF54A4A9-3C78-4858-82A3-86245BCCBDDD}.Release|Any CPU.ActiveCfg = Release|Any CPU
		{EF54A4A9-3C78-4858-82A3-86245BCCBDDD}.Release|Any CPU.Build.0 = Release|Any CPU
		{4C85CF6D-7B55-4C2D-950C-6EAC129E35A6}.Debug|Any CPU.ActiveCfg = Debug|Any CPU
		{4C85CF6D-7B55-4C2D-950C-6EAC129E35A6}.Debug|Any CPU.Build.0 = Debug|Any CPU
		{4C85CF6D-7B55-4C2D-950C-6EAC129E35A6}.Release|Any CPU.ActiveCfg = Release|Any CPU
		{4C85CF6D-7B55-4C2D-950C-6EAC129E35A6}.Release|Any CPU.Build.0 = Release|Any CPU
		{3023A206-3A6C-4844-8BF1-BA7C7C1A635A}.Debug|Any CPU.ActiveCfg = Debug|Any CPU
		{3023A206-3A6C-4844-8BF1-BA7C7C1A635A}.Debug|Any CPU.Build.0 = Debug|Any CPU
		{3023A206-3A6C-4844-8BF1-BA7C7C1A635A}.Release|Any CPU.ActiveCfg = Release|Any CPU
		{3023A206-3A6C-4844-8BF1-BA7C7C1A635A}.Release|Any CPU.Build.0 = Release|Any CPU
		{896FDC96-9B26-4CDA-9828-627CD6D6A578}.Debug|Any CPU.ActiveCfg = Debug|Any CPU
		{896FDC96-9B26-4CDA-9828-627CD6D6A578}.Debug|Any CPU.Build.0 = Debug|Any CPU
		{896FDC96-9B26-4CDA-9828-627CD6D6A578}.Release|Any CPU.ActiveCfg = Release|Any CPU
		{896FDC96-9B26-4CDA-9828-627CD6D6A578}.Release|Any CPU.Build.0 = Release|Any CPU
	EndGlobalSection
	GlobalSection(NestedProjects) = preSolution
	EndGlobalSection
EndGlobal
